Microsoft Visual Studio Solution File, Format Version 12.00
# Visual Studio Version 17
VisualStudioVersion = 17.5.2.0
MinimumVisualStudioVersion = 10.0.40219.1
Project("{FAE04EC0-301F-11D3-BF4B-00C04F79EFBC}") = "Intellreporting", "Intellreporting.csproj", "{3C0DEEAF-297E-02B8-2D0C-076B35A26642}"
EndProject
Global
	GlobalSection(SolutionConfigurationPlatforms) = preSolution
		Debug|Any CPU = Debug|Any CPU
		Release|Any CPU = Release|Any CPU
	EndGlobalSection
	GlobalSection(ProjectConfigurationPlatforms) = postSolution
		{3C0DEEAF-297E-02B8-2D0C-076B35A26642}.Debug|Any CPU.ActiveCfg = Debug|Any CPU
		{3C0DEEAF-297E-02B8-2D0C-076B35A26642}.Debug|Any CPU.Build.0 = Debug|Any CPU
		{3C0DEEAF-297E-02B8-2D0C-076B35A26642}.Release|Any CPU.ActiveCfg = Release|Any CPU
		{3C0DEEAF-297E-02B8-2D0C-076B35A26642}.Release|Any CPU.Build.0 = Release|Any CPU
	EndGlobalSection
	GlobalSection(SolutionProperties) = preSolution
		HideSolutionNode = FALSE
	EndGlobalSection
	GlobalSection(ExtensibilityGlobals) = postSolution
		SolutionGuid = {F11DDE64-33E8-4182-A593-2C68B01CE2F1}
	EndGlobalSection
EndGlobal
